
Microsoft Visual Studio Solution File, Format Version 12.00
# Visual Studio Version 16
VisualStudioVersion = 16.0.29519.87
MinimumVisualStudioVersion = 10.0.40219.1
Project("{FAE04EC0-301F-11D3-BF4B-00C04F79EFBC}") = "NetSound", "NetSound\NetSound.csproj", "{137EA98B-8B47-4139-BE5A-570EEA631BBA}"
EndProject
Global
	GlobalSection(SolutionConfigurationPlatforms) = preSolution
		Debug|Any CPU = Debug|Any CPU
		Release|Any CPU = Release|Any CPU
	EndGlobalSection
	GlobalSection(ProjectConfigurationPlatforms) = postSolution
		{137EA98B-8B47-4139-BE5A-570EEA631BBA}.Debug|Any CPU.ActiveCfg = Debug|Any CPU
		{137EA98B-8B47-4139-BE5A-570EEA631BBA}.Debug|Any CPU.Build.0 = Debug|Any CPU
		{137EA98B-8B47-4139-BE5A-570EEA631BBA}.Release|Any CPU.ActiveCfg = Release|Any CPU
		{137EA98B-8B47-4139-BE5A-570EEA631BBA}.Release|Any CPU.Build.0 = Release|Any CPU
	EndGlobalSection
	GlobalSection(SolutionProperties) = preSolution
		HideSolutionNode = FALSE
	EndGlobalSection
	GlobalSection(ExtensibilityGlobals) = postSolution
		SolutionGuid = {247D6C9C-B31E-4410-981E-753B55476788}
	EndGlobalSection
EndGlobal
